
Microsoft Visual Studio Solution File, Format Version 12.00
# Visual Studio Version 17
VisualStudioVersion = 17.9.34616.47
MinimumVisualStudioVersion = 10.0.40219.1
Project("{FAE04EC0-301F-11D3-BF4B-00C04F79EFBC}") = "MorgueManager", "WindowsFormsApp3\MorgueManager.csproj", "{7DECE354-AEB0-4765-B3B2-E83F45885399}"
EndProject
Global
	GlobalSection(SolutionConfigurationPlatforms) = preSolution
		Debug|Any CPU = Debug|Any CPU
		Release|Any CPU = Release|Any CPU
	EndGlobalSection
	GlobalSection(ProjectConfigurationPlatforms) = postSolution
		{7DECE354-AEB0-4765-B3B2-E83F45885399}.Debug|Any CPU.ActiveCfg = Debug|Any CPU
		{7DECE354-AEB0-4765-B3B2-E83F45885399}.Debug|Any CPU.Build.0 = Debug|Any CPU
		{7DECE354-AEB0-4765-B3B2-E83F45885399}.Release|Any CPU.ActiveCfg = Release|Any CPU
		{7DECE354-AEB0-4765-B3B2-E83F45885399}.Release|Any CPU.Build.0 = Release|Any CPU
	EndGlobalSection
	GlobalSection(SolutionProperties) = preSolution
		HideSolutionNode = FALSE
	EndGlobalSection
	GlobalSection(ExtensibilityGlobals) = postSolution
		SolutionGuid = {8132BDC3-5912-4619-ABE2-C08B8841B303}
	EndGlobalSection
EndGlobal
